
Microsoft Visual Studio Solution File, Format Version 12.00
# Visual Studio Version 17
VisualStudioVersion = 17.3.32922.545
MinimumVisualStudioVersion = 10.0.40219.1
Project("{9A19103F-16F7-4668-BE54-9A1E7A4F7556}") = "section03", "section03\section03.csproj", "{9CC918F6-3C8B-4722-8F3E-6F42EBA4F473}"
EndProject
Project("{9A19103F-16F7-4668-BE54-9A1E7A4F7556}") = "section04", "section04\section04.csproj", "{EA1C5E34-6D77-4984-A68E-D81F36A7FAB9}"
EndProject
Project("{9A19103F-16F7-4668-BE54-9A1E7A4F7556}") = "section05", "section05\section05.csproj", "{02A7A009-380F-4728-9832-0F468B6BF1C4}"
EndProject
Project("{9A19103F-16F7-4668-BE54-9A1E7A4F7556}") = "section06", "section06\section06.csproj", "{53BAD53D-48C0-43ED-8914-1D2499091933}"
EndProject
Project("{9A19103F-16F7-4668-BE54-9A1E7A4F7556}") = "section07", "section07\section07.csproj", "{AA91D32A-87D1-40EB-9BF9-E1A79D31C1D6}"
EndProject
Project("{9A19103F-16F7-4668-BE54-9A1E7A4F7556}") = "section08", "section08\section08.csproj", "{01B169FC-59B7-4719-B494-D14E0E2F9A48}"
EndProject
Project("{2150E333-8FDC-42A3-9474-1A3956D46DE8}") = "Section09", "Section09", "{D04FF3E0-002C-402F-9E7F-663C99ECC897}"
EndProject
Project("{9A19103F-16F7-4668-BE54-9A1E7A4F7556}") = "Exercicio1", "Exercicio1\Exercicio1.csproj", "{99AB1EC2-CDD3-4283-AB6E-CFCF193577B2}"
EndProject
Project("{9A19103F-16F7-4668-BE54-9A1E7A4F7556}") = "Exercicio2", "Exercicio2\Exercicio2.csproj", "{360B4A29-0BD2-41B2-A0AE-F9B22005B100}"
EndProject
Project("{9A19103F-16F7-4668-BE54-9A1E7A4F7556}") = "OrderSystem", "OrderSystem\OrderSystem.csproj", "{1E0B155B-8669-40BF-8CD8-3AC025E80C60}"
EndProject
Project("{2150E333-8FDC-42A3-9474-1A3956D46DE8}") = "Section10", "Section10", "{45C69262-DEF0-4C87-B737-2FD99CFC677E}"
EndProject
Project("{FAE04EC0-301F-11D3-BF4B-00C04F79EFBC}") = "EmployeeSystem", "EmployeeSystem\EmployeeSystem.csproj", "{2847096D-8545-411A-A3AB-F1DF1F3FB398}"
EndProject
Project("{FAE04EC0-301F-11D3-BF4B-00C04F79EFBC}") = "ProductSystem", "ProductSystem\ProductSystem.csproj", "{4CE002F6-DBC3-4CAF-9F3F-FB8B336D43B3}"
EndProject
Global
	GlobalSection(SolutionConfigurationPlatforms) = preSolution
		Debug|Any CPU = Debug|Any CPU
		Release|Any CPU = Release|Any CPU
	EndGlobalSection
	GlobalSection(ProjectConfigurationPlatforms) = postSolution
		{9CC918F6-3C8B-4722-8F3E-6F42EBA4F473}.Debug|Any CPU.ActiveCfg = Debug|Any CPU
		{9CC918F6-3C8B-4722-8F3E-6F42EBA4F473}.Debug|Any CPU.Build.0 = Debug|Any CPU
		{9CC918F6-3C8B-4722-8F3E-6F42EBA4F473}.Release|Any CPU.ActiveCfg = Release|Any CPU
		{9CC918F6-3C8B-4722-8F3E-6F42EBA4F473}.Release|Any CPU.Build.0 = Release|Any CPU
		{EA1C5E34-6D77-4984-A68E-D81F36A7FAB9}.Debug|Any CPU.ActiveCfg = Debug|Any CPU
		{EA1C5E34-6D77-4984-A68E-D81F36A7FAB9}.Debug|Any CPU.Build.0 = Debug|Any CPU
		{EA1C5E34-6D77-4984-A68E-D81F36A7FAB9}.Release|Any CPU.ActiveCfg = Release|Any CPU
		{EA1C5E34-6D77-4984-A68E-D81F36A7FAB9}.Release|Any CPU.Build.0 = Release|Any CPU
		{02A7A009-380F-4728-9832-0F468B6BF1C4}.Debug|Any CPU.ActiveCfg = Debug|Any CPU
		{02A7A009-380F-4728-9832-0F468B6BF1C4}.Debug|Any CPU.Build.0 = Debug|Any CPU
		{02A7A009-380F-4728-9832-0F468B6BF1C4}.Release|Any CPU.ActiveCfg = Release|Any CPU
		{02A7A009-380F-4728-9832-0F468B6BF1C4}.Release|Any CPU.Build.0 = Release|Any CPU
		{53BAD53D-48C0-43ED-8914-1D2499091933}.Debug|Any CPU.ActiveCfg = Debug|Any CPU
		{53BAD53D-48C0-43ED-8914-1D2499091933}.Debug|Any CPU.Build.0 = Debug|Any CPU
		{53BAD53D-48C0-43ED-8914-1D2499091933}.Release|Any CPU.ActiveCfg = Release|Any CPU
		{53BAD53D-48C0-43ED-8914-1D2499091933}.Release|Any CPU.Build.0 = Release|Any CPU
		{AA91D32A-87D1-40EB-9BF9-E1A79D31C1D6}.Debug|Any CPU.ActiveCfg = Debug|Any CPU
		{AA91D32A-87D1-40EB-9BF9-E1A79D31C1D6}.Debug|Any CPU.Build.0 = Debug|Any CPU
		{AA91D32A-87D1-40EB-9BF9-E1A79D31C1D6}.Release|Any CPU.ActiveCfg = Release|Any CPU
		{AA91D32A-87D1-40EB-9BF9-E1A79D31C1D6}.Release|Any CPU.Build.0 = Release|Any CPU
		{01B169FC-59B7-4719-B494-D14E0E2F9A48}.Debug|Any CPU.ActiveCfg = Debug|Any CPU
		{01B169FC-59B7-4719-B494-D14E0E2F9A48}.Debug|Any CPU.Build.0 = Debug|Any CPU
		{01B169FC-59B7-4719-B494-D14E0E2F9A48}.Release|Any CPU.ActiveCfg = Release|Any CPU
		{01B169FC-59B7-4719-B494-D14E0E2F9A48}.Release|Any CPU.Build.0 = Release|Any CPU
		{99AB1EC2-CDD3-4283-AB6E-CFCF193577B2}.Debug|Any CPU.ActiveCfg = Debug|Any CPU
		{99AB1EC2-CDD3-4283-AB6E-CFCF193577B2}.Debug|Any CPU.Build.0 = Debug|Any CPU
		{99AB1EC2-CDD3-4283-AB6E-CFCF193577B2}.Release|Any CPU.ActiveCfg = Release|Any CPU
		{99AB1EC2-CDD3-4283-AB6E-CFCF193577B2}.Release|Any CPU.Build.0 = Release|Any CPU
		{360B4A29-0BD2-41B2-A0AE-F9B22005B100}.Debug|Any CPU.ActiveCfg = Debug|Any CPU
		{360B4A29-0BD2-41B2-A0AE-F9B22005B100}.Debug|Any CPU.Build.0 = Debug|Any CPU
		{360B4A29-0BD2-41B2-A0AE-F9B22005B100}.Release|Any CPU.ActiveCfg = Release|Any CPU
		{360B4A29-0BD2-41B2-A0AE-F9B22005B100}.Release|Any CPU.Build.0 = Release|Any CPU
		{1E0B155B-8669-40BF-8CD8-3AC025E80C60}.Debug|Any CPU.ActiveCfg = Debug|Any CPU
		{1E0B155B-8669-40BF-8CD8-3AC025E80C60}.Debug|Any CPU.Build.0 = Debug|Any CPU
		{1E0B155B-8669-40BF-8CD8-3AC025E80C60}.Release|Any CPU.ActiveCfg = Release|Any CPU
		{1E0B155B-8669-40BF-8CD8-3AC025E80C60}.Release|Any CPU.Build.0 = Release|Any CPU
		{2847096D-8545-411A-A3AB-F1DF1F3FB398}.Debug|Any CPU.ActiveCfg = Debug|Any CPU
		{2847096D-8545-411A-A3AB-F1DF1F3FB398}.Debug|Any CPU.Build.0 = Debug|Any CPU
		{2847096D-8545-411A-A3AB-F1DF1F3FB398}.Release|Any CPU.ActiveCfg = Release|Any CPU
		{2847096D-8545-411A-A3AB-F1DF1F3FB398}.Release|Any CPU.Build.0 = Release|Any CPU
		{4CE002F6-DBC3-4CAF-9F3F-FB8B336D43B3}.Debug|Any CPU.ActiveCfg = Debug|Any CPU
		{4CE002F6-DBC3-4CAF-9F3F-FB8B336D43B3}.Debug|Any CPU.Build.0 = Debug|Any CPU
		{4CE002F6-DBC3-4CAF-9F3F-FB8B336D43B3}.Release|Any CPU.ActiveCfg = Release|Any CPU
		{4CE002F6-DBC3-4CAF-9F3F-FB8B336D43B3}.Release|Any CPU.Build.0 = Release|Any CPU
	EndGlobalSection
	GlobalSection(SolutionProperties) = preSolution
		HideSolutionNode = FALSE
	EndGlobalSection
	GlobalSection(NestedProjects) = preSolution
		{99AB1EC2-CDD3-4283-AB6E-CFCF193577B2} = {D04FF3E0-002C-402F-9E7F-663C99ECC897}
		{360B4A29-0BD2-41B2-A0AE-F9B22005B100} = {D04FF3E0-002C-402F-9E7F-663C99ECC897}
		{1E0B155B-8669-40BF-8CD8-3AC025E80C60} = {D04FF3E0-002C-402F-9E7F-663C99ECC897}
		{2847096D-8545-411A-A3AB-F1DF1F3FB398} = {45C69262-DEF0-4C87-B737-2FD99CFC677E}
		{4CE002F6-DBC3-4CAF-9F3F-FB8B336D43B3} = {45C69262-DEF0-4C87-B737-2FD99CFC677E}
	EndGlobalSection
	GlobalSection(ExtensibilityGlobals) = postSolution
		SolutionGuid = {AC316926-80E8-4C48-9469-931797E9B24F}
	EndGlobalSection
EndGlobal
