
Microsoft Visual Studio Solution File, Format Version 12.00
# Visual Studio Version 17
VisualStudioVersion = 17.3.32922.545
MinimumVisualStudioVersion = 10.0.40219.1
Project("{9A19103F-16F7-4668-BE54-9A1E7A4F7556}") = "section03", "section03\section03.csproj", "{9CC918F6-3C8B-4722-8F3E-6F42EBA4F473}"
EndProject
Project("{FAE04EC0-301F-11D3-BF4B-00C04F79EFBC}") = "section04", "section04\section04.csproj", "{EA1C5E34-6D77-4984-A68E-D81F36A7FAB9}"
EndProject
Global
	GlobalSection(SolutionConfigurationPlatforms) = preSolution
		Debug|Any CPU = Debug|Any CPU
		Release|Any CPU = Release|Any CPU
	EndGlobalSection
	GlobalSection(ProjectConfigurationPlatforms) = postSolution
		{9CC918F6-3C8B-4722-8F3E-6F42EBA4F473}.Debug|Any CPU.ActiveCfg = Debug|Any CPU
		{9CC918F6-3C8B-4722-8F3E-6F42EBA4F473}.Debug|Any CPU.Build.0 = Debug|Any CPU
		{9CC918F6-3C8B-4722-8F3E-6F42EBA4F473}.Release|Any CPU.ActiveCfg = Release|Any CPU
		{9CC918F6-3C8B-4722-8F3E-6F42EBA4F473}.Release|Any CPU.Build.0 = Release|Any CPU
		{EA1C5E34-6D77-4984-A68E-D81F36A7FAB9}.Debug|Any CPU.ActiveCfg = Debug|Any CPU
		{EA1C5E34-6D77-4984-A68E-D81F36A7FAB9}.Debug|Any CPU.Build.0 = Debug|Any CPU
		{EA1C5E34-6D77-4984-A68E-D81F36A7FAB9}.Release|Any CPU.ActiveCfg = Release|Any CPU
		{EA1C5E34-6D77-4984-A68E-D81F36A7FAB9}.Release|Any CPU.Build.0 = Release|Any CPU
	EndGlobalSection
	GlobalSection(SolutionProperties) = preSolution
		HideSolutionNode = FALSE
	EndGlobalSection
	GlobalSection(ExtensibilityGlobals) = postSolution
		SolutionGuid = {AC316926-80E8-4C48-9469-931797E9B24F}
	EndGlobalSection
EndGlobal
